
Microsoft Visual Studio Solution File, Format Version 12.00
# Visual Studio 15
VisualStudioVersion = 15.0.28307.645
MinimumVisualStudioVersion = 10.0.40219.1
Project("{9A19103F-16F7-4668-BE54-9A1E7A4F7556}") = "FriendsAndTravel", "FriendsAndTravel\FriendsAndTravel.csproj", "{D23F9F4A-273C-473C-A994-310290B289E9}"
EndProject
Project("{9A19103F-16F7-4668-BE54-9A1E7A4F7556}") = "FriendsAndTravel.Data", "FriendsAndTravel.Data\FriendsAndTravel.Data.csproj", "{0C4A622F-3907-4235-8F91-7CD505E8BDB9}"
EndProject
Project("{9A19103F-16F7-4668-BE54-9A1E7A4F7556}") = "FriendsAndTravel.BAL", "FriendsAndTravel.BAL\FriendsAndTravel.BAL.csproj", "{A8B535B1-B2FD-4898-A730-E59E73DA3259}"
EndProject
Project("{9A19103F-16F7-4668-BE54-9A1E7A4F7556}") = "Model", "Model\Model.csproj", "{7CA97D01-3A5C-4C6C-91CB-7AA9E9C5F505}"
EndProject
Project("{FAE04EC0-301F-11D3-BF4B-00C04F79EFBC}") = "FriendsAndTravel.Tests", "FriendsAndTravel.Tests\FriendsAndTravel.Tests.csproj", "{FD4F07E3-F1C7-4185-A243-34DAC677EA16}"
EndProject
Global
	GlobalSection(SolutionConfigurationPlatforms) = preSolution
		Debug|Any CPU = Debug|Any CPU
		Release|Any CPU = Release|Any CPU
	EndGlobalSection
	GlobalSection(ProjectConfigurationPlatforms) = postSolution
		{D23F9F4A-273C-473C-A994-310290B289E9}.Debug|Any CPU.ActiveCfg = Debug|Any CPU
		{D23F9F4A-273C-473C-A994-310290B289E9}.Debug|Any CPU.Build.0 = Debug|Any CPU
		{D23F9F4A-273C-473C-A994-310290B289E9}.Release|Any CPU.ActiveCfg = Release|Any CPU
		{D23F9F4A-273C-473C-A994-310290B289E9}.Release|Any CPU.Build.0 = Release|Any CPU
		{0C4A622F-3907-4235-8F91-7CD505E8BDB9}.Debug|Any CPU.ActiveCfg = Debug|Any CPU
		{0C4A622F-3907-4235-8F91-7CD505E8BDB9}.Debug|Any CPU.Build.0 = Debug|Any CPU
		{0C4A622F-3907-4235-8F91-7CD505E8BDB9}.Release|Any CPU.ActiveCfg = Release|Any CPU
		{0C4A622F-3907-4235-8F91-7CD505E8BDB9}.Release|Any CPU.Build.0 = Release|Any CPU
		{A8B535B1-B2FD-4898-A730-E59E73DA3259}.Debug|Any CPU.ActiveCfg = Debug|Any CPU
		{A8B535B1-B2FD-4898-A730-E59E73DA3259}.Debug|Any CPU.Build.0 = Debug|Any CPU
		{A8B535B1-B2FD-4898-A730-E59E73DA3259}.Release|Any CPU.ActiveCfg = Release|Any CPU
		{A8B535B1-B2FD-4898-A730-E59E73DA3259}.Release|Any CPU.Build.0 = Release|Any CPU
		{7CA97D01-3A5C-4C6C-91CB-7AA9E9C5F505}.Debug|Any CPU.ActiveCfg = Debug|Any CPU
		{7CA97D01-3A5C-4C6C-91CB-7AA9E9C5F505}.Debug|Any CPU.Build.0 = Debug|Any CPU
		{7CA97D01-3A5C-4C6C-91CB-7AA9E9C5F505}.Release|Any CPU.ActiveCfg = Release|Any CPU
		{7CA97D01-3A5C-4C6C-91CB-7AA9E9C5F505}.Release|Any CPU.Build.0 = Release|Any CPU
		{FD4F07E3-F1C7-4185-A243-34DAC677EA16}.Debug|Any CPU.ActiveCfg = Debug|Any CPU
		{FD4F07E3-F1C7-4185-A243-34DAC677EA16}.Debug|Any CPU.Build.0 = Debug|Any CPU
		{FD4F07E3-F1C7-4185-A243-34DAC677EA16}.Release|Any CPU.ActiveCfg = Release|Any CPU
		{FD4F07E3-F1C7-4185-A243-34DAC677EA16}.Release|Any CPU.Build.0 = Release|Any CPU
	EndGlobalSection
	GlobalSection(SolutionProperties) = preSolution
		HideSolutionNode = FALSE
	EndGlobalSection
	GlobalSection(ExtensibilityGlobals) = postSolution
		SolutionGuid = {901CD71A-5EFD-4172-9D6E-69E4563AC85E}
	EndGlobalSection
EndGlobal
